// !$*UTF8*$!
{
	archiveVersion = 1;
	classes = {
	};
	objectVersion = 46;
	objects = {

/* Begin PBXBuildFile section */
		F06C80841D1C1516004AF74F /* main.m in Sources */ = {isa = PBXBuildFile; fileRef = F06C80831D1C1516004AF74F /* main.m */; };
		F06C80871D1C1516004AF74F /* AppDelegate.m in Sources */ = {isa = PBXBuildFile; fileRef = F06C80861D1C1516004AF74F /* AppDelegate.m */; };
		F06C808A1D1C1516004AF74F /* ViewController.m in Sources */ = {isa = PBXBuildFile; fileRef = F06C80891D1C1516004AF74F /* ViewController.m */; };
		F06C808D1D1C1516004AF74F /* Main.storyboard in Resources */ = {isa = PBXBuildFile; fileRef = F06C808B1D1C1516004AF74F /* Main.storyboard */; };
		F06C808F1D1C1516004AF74F /* Assets.xcassets in Resources */ = {isa = PBXBuildFile; fileRef = F06C808E1D1C1516004AF74F /* Assets.xcassets */; };
		F06C80921D1C1516004AF74F /* LaunchScreen.storyboard in Resources */ = {isa = PBXBuildFile; fileRef = F06C80901D1C1516004AF74F /* LaunchScreen.storyboard */; };
/* End PBXBuildFile section */

/* Begin PBXFileReference section */
		F06C807F1D1C1516004AF74F /* Control Fun.app */ = {isa = PBXFileReference; explicitFileType = wrapper.application; includeInIndex = 0; path = "Control Fun.app"; sourceTree = BUILT_PRODUCTS_DIR; };
		F06C80831D1C1516004AF74F /* main.m */ = {isa = PBXFileReference; lastKnownFileType = sourcecode.c.objc; path = main.m; sourceTree = "<group>"; };
		F06C80851D1C1516004AF74F /* AppDelegate.h */ = {isa = PBXFileReference; lastKnownFileType = sourcecode.c.h; path = AppDelegate.h; sourceTree = "<group>"; };
		F06C80861D1C1516004AF74F /* AppDelegate.m */ = {isa = PBXFileReference; lastKnownFileType = sourcecode.c.objc; path = AppDelegate.m; sourceTree = "<group>"; };
		F06C80881D1C1516004AF74F /* ViewController.h */ = {isa = PBXFileReference; lastKnownFileType = sourcecode.c.h; path = ViewController.h; sourceTree = "<group>"; };
		F06C80891D1C1516004AF74F /* ViewController.m */ = {isa = PBXFileReference; lastKnownFileType = sourcecode.c.objc; path = ViewController.m; sourceTree = "<group>"; };
		F06C808C1D1C1516004AF74F /* Base */ = {isa = PBXFileReference; lastKnownFileType = file.storyboard; name = Base; path = Base.lproj/Main.storyboard; sourceTree = "<group>"; };
		F06C808E1D1C1516004AF74F /* Assets.xcassets */ = {isa = PBXFileReference; lastKnownFileType = folder.assetcatalog; path = Assets.xcassets; sourceTree = "<group>"; };
		F06C80911D1C1516004AF74F /* Base */ = {isa = PBXFileReference; lastKnownFileType = file.storyboard; name = Base; path = Base.lproj/LaunchScreen.storyboard; sourceTree = "<group>"; };
		F06C80931D1C1516004AF74F /* Info.plist */ = {isa = PBXFileReference; lastKnownFileType = text.plist.xml; path = Info.plist; sourceTree = "<group>"; };
/* End PBXFileReference section */

/* Begin PBXFrameworksBuildPhase section */
		F06C807C1D1C1516004AF74F /* Frameworks */ = {
			isa = PBXFrameworksBuildPhase;
			buildActionMask = 2147483647;
			files = (
			);
			runOnlyForDeploymentPostprocessing = 0;
		};
/* End PBXFrameworksBuildPhase section */

/* Begin PBXGroup section */
		F06C80761D1C1515004AF74F = {
			isa = PBXGroup;
			children = (
				F06C80811D1C1516004AF74F /* Control Fun */,
				F06C80801D1C1516004AF74F /* Products */,
			);
			sourceTree = "<group>";
		};
		F06C80801D1C1516004AF74F /* Products */ = {
			isa = PBXGroup;
			children = (
				F06C807F1D1C1516004AF74F /* Control Fun.app */,
			);
			name = Products;
			sourceTree = "<group>";
		};
		F06C80811D1C1516004AF74F /* Control Fun */ = {
			isa = PBXGroup;
			children = (
				F06C80851D1C1516004AF74F /* AppDelegate.h */,
				F06C80861D1C1516004AF74F /* AppDelegate.m */,
				F06C80881D1C1516004AF74F /* ViewController.h */,
				F06C80891D1C1516004AF74F /* ViewController.m */,
				F06C808B1D1C1516004AF74F /* Main.storyboard */,
				F06C808E1D1C1516004AF74F /* Assets.xcassets */,
				F06C80901D1C1516004AF74F /* LaunchScreen.storyboard */,
				F06C80931D1C1516004AF74F /* Info.plist */,
				F06C80821D1C1516004AF74F /* Supporting Files */,
			);
			path = "Control Fun";
			sourceTree = "<group>";
		};
		F06C80821D1C1516004AF74F /* Supporting Files */ = {
			isa = PBXGroup;
			children = (
				F06C80831D1C1516004AF74F /* main.m */,
			);
			name = "Supporting Files";
			sourceTree = "<group>";
		};
/* End PBXGroup section */

/* Begin PBXNativeTarget section */
		F06C807E1D1C1516004AF74F /* Control Fun */ = {
			isa = PBXNativeTarget;
			buildConfigurationList = F06C80961D1C1516004AF74F /* Build configuration list for PBXNativeTarget "Control Fun" */;
			buildPhases = (
				F06C807B1D1C1516004AF74F /* Sources */,
				F06C807C1D1C1516004AF74F /* Frameworks */,
				F06C807D1D1C1516004AF74F /* Resources */,
			);
			buildRules = (
			);
			dependencies = (
			);
			name = "Control Fun";
			productName = "Control Fun";
			productReference = F06C807F1D1C1516004AF74F /* Control Fun.app */;
			productType = "com.apple.product-type.application";
		};
/* End PBXNativeTarget section */

/* Begin PBXProject section */
		F06C80771D1C1515004AF74F /* Project object */ = {
			isa = PBXProject;
			attributes = {
				LastUpgradeCheck = 0730;
				ORGANIZATIONNAME = qizl;
				TargetAttributes = {
					F06C807E1D1C1516004AF74F = {
						CreatedOnToolsVersion = 7.3;
						DevelopmentTeam = 9N8R8B92YP;
					};
				};
			};
			buildConfigurationList = F06C807A1D1C1515004AF74F /* Build configuration list for PBXProject "Control Fun" */;
			compatibilityVersion = "Xcode 3.2";
			developmentRegion = English;
			hasScannedForEncodings = 0;
			knownRegions = (
				en,
				Base,
			);
			mainGroup = F06C80761D1C1515004AF74F;
			productRefGroup = F06C80801D1C1516004AF74F /* Products */;
			projectDirPath = "";
			projectRoot = "";
			targets = (
				F06C807E1D1C1516004AF74F /* Control Fun */,
			);
		};
/* End PBXProject section */

/* Begin PBXResourcesBuildPhase section */
		F06C807D1D1C1516004AF74F /* Resources */ = {
			isa = PBXResourcesBuildPhase;
			buildActionMask = 2147483647;
			files = (
				F06C80921D1C1516004AF74F /* LaunchScreen.storyboard in Resources */,
				F06C808F1D1C1516004AF74F /* Assets.xcassets in Resources */,
				F06C808D1D1C1516004AF74F /* Main.storyboard in Resources */,
			);
			runOnlyForDeploymentPostprocessing = 0;
		};
/* End PBXResourcesBuildPhase section */

/* Begin PBXSourcesBuildPhase section */
		F06C807B1D1C1516004AF74F /* Sources */ = {
			isa = PBXSourcesBuildPhase;
			buildActionMask = 2147483647;
			files = (
				F06C808A1D1C1516004AF74F /* ViewController.m in Sources */,
				F06C80871D1C1516004AF74F /* AppDelegate.m in Sources */,
				F06C80841D1C1516004AF74F /* main.m in Sources */,
			);
			runOnlyForDeploymentPostprocessing = 0;
		};
/* End PBXSourcesBuildPhase section */

/* Begin PBXVariantGroup section */
		F06C808B1D1C1516004AF74F /* Main.storyboard */ = {
			isa = PBXVariantGroup;
			children = (
				F06C808C1D1C1516004AF74F /* Base */,
			);
			name = Main.storyboard;
			sourceTree = "<group>";
		};
		F06C80901D1C1516004AF74F /* LaunchScreen.storyboard */ = {
			isa = PBXVariantGroup;
			children = (
				F06C80911D1C1516004AF74F /* Base */,
			);
			name = LaunchScreen.storyboard;
			sourceTree = "<group>";
		};
/* End PBXVariantGroup section */

/* Begin XCBuildConfiguration section */
		F06C80941D1C1516004AF74F /* Debug */ = {
			isa = XCBuildConfiguration;
			buildSettings = {
				ALWAYS_SEARCH_USER_PATHS = NO;
				CLANG_ANALYZER_NONNULL = YES;
				CLANG_CXX_LANGUAGE_STANDARD = "gnu++0x";
				CLANG_CXX_LIBRARY = "libc++";
				CLANG_ENABLE_MODULES = YES;
				CLANG_ENABLE_OBJC_ARC = YES;
				CLANG_WARN_BOOL_CONVERSION = YES;
				CLANG_WARN_CONSTANT_CONVERSION = YES;
				CLANG_WARN_DIRECT_OBJC_ISA_USAGE = YES_ERROR;
				CLANG_WARN_EMPTY_BODY = YES;
				CLANG_WARN_ENUM_CONVERSION = YES;
				CLANG_WARN_INT_CONVERSION = YES;
				CLANG_WARN_OBJC_ROOT_CLASS = YES_ERROR;
				CLANG_WARN_UNREACHABLE_CODE = YES;
				CLANG_WARN__DUPLICATE_METHOD_MATCH = YES;
				"CODE_SIGN_IDENTITY[sdk=iphoneos*]" = "iPhone Developer";
				COPY_PHASE_STRIP = NO;
				DEBUG_INFORMATION_FORMAT = dwarf;
				ENABLE_STRICT_OBJC_MSGSEND = YES;
				ENABLE_TESTABILITY = YES;
				GCC_C_LANGUAGE_STANDARD = gnu99;
				GCC_DYNAMIC_NO_PIC = NO;
				GCC_NO_COMMON_BLOCKS = YES;
				GCC_OPTIMIZATION_LEVEL = 0;
				GCC_PREPROCESSOR_DEFINITIONS = (
					"DEBUG=1",
					"$(inherited)",
				);
				GCC_WARN_64_TO_32_BIT_CONVERSION = YES;
				GCC_WARN_ABOUT_RETURN_TYPE = YES_ERROR;
				GCC_WARN_UNDECLARED_SELECTOR = YES;
				GCC_WARN_UNINITIALIZED_AUTOS = YES_AGGRESSIVE;
				GCC_WARN_UNUSED_FUNCTION = YES;
				GCC_WARN_UNUSED_VARIABLE = YES;
				IPHONEOS_DEPLOYMENT_TARGET = 9.3;
				MTL_ENABLE_DEBUG_INFO = YES;
				ONLY_ACTIVE_ARCH = YES;
				SDKROOT = iphoneos;
				TARGETED_DEVICE_FAMILY = "1,2";
			};
			name = Debug;
		};
		F06C80951D1C1516004AF74F /* Release */ = {
			isa = XCBuildConfiguration;
			buildSettings = {
				ALWAYS_SEARCH_USER_PATHS = NO;
				CLANG_ANALYZER_NONNULL = YES;
				CLANG_CXX_LANGUAGE_STANDARD = "gnu++0x";
				CLANG_CXX_LIBRARY = "libc++";
				CLANG_ENABLE_MODULES = YES;
				CLANG_ENABLE_OBJC_ARC = YES;
				CLANG_WARN_BOOL_CONVERSION = YES;
				CLANG_WARN_CONSTANT_CONVERSION = YES;
				CLANG_WARN_DIRECT_OBJC_ISA_USAGE = YES_ERROR;
				CLANG_WARN_EMPTY_BODY = YES;
				CLANG_WARN_ENUM_CONVERSION = YES;
				CLANG_WARN_INT_CONVERSION = YES;
				CLANG_WARN_OBJC_ROOT_CLASS = YES_ERROR;
				CLANG_WARN_UNREACHABLE_CODE = YES;
				CLANG_WARN__DUPLICATE_METHOD_MATCH = YES;
				"CODE_SIGN_IDENTITY[sdk=iphoneos*]" = "iPhone Developer";
				COPY_PHASE_STRIP = NO;
				DEBUG_INFORMATION_FORMAT = "dwarf-with-dsym";
				ENABLE_NS_ASSERTIONS = NO;
				ENABLE_STRICT_OBJC_MSGSEND = YES;
				GCC_C_LANGUAGE_STANDARD = gnu99;
				GCC_NO_COMMON_BLOCKS = YES;
				GCC_WARN_64_TO_32_BIT_CONVERSION = YES;
				GCC_WARN_ABOUT_RETURN_TYPE = YES_ERROR;
				GCC_WARN_UNDECLARED_SELECTOR = YES;
				GCC_WARN_UNINITIALIZED_AUTOS = YES_AGGRESSIVE;
				GCC_WARN_UNUSED_FUNCTION = YES;
				GCC_WARN_UNUSED_VARIABLE = YES;
				IPHONEOS_DEPLOYMENT_TARGET = 9.3;
				MTL_ENABLE_DEBUG_INFO = NO;
				SDKROOT = iphoneos;
				TARGETED_DEVICE_FAMILY = "1,2";
				VALIDATE_PRODUCT = YES;
			};
			name = Release;
		};
		F06C80971D1C1516004AF74F /* Debug */ = {
			isa = XCBuildConfiguration;
			buildSettings = {
				ASSETCATALOG_COMPILER_APPICON_NAME = AppIcon;
				CODE_SIGN_IDENTITY = "iPhone Developer";
				"CODE_SIGN_IDENTITY[sdk=iphoneos*]" = "iPhone Developer";
				INFOPLIST_FILE = "Control Fun/Info.plist";
				LD_RUNPATH_SEARCH_PATHS = "$(inherited) @executable_path/Frameworks";
				PRODUCT_BUNDLE_IDENTIFIER = "com.enjoycodes.Control-Fun";
				PRODUCT_NAME = "$(TARGET_NAME)";
				PROVISIONING_PROFILE = "";
				TARGETED_DEVICE_FAMILY = "1,2";
			};
			name = Debug;
		};
		F06C80981D1C1516004AF74F /* Release */ = {
			isa = XCBuildConfiguration;
			buildSettings = {
				ASSETCATALOG_COMPILER_APPICON_NAME = AppIcon;
				CODE_SIGN_IDENTITY = "iPhone Developer";
				"CODE_SIGN_IDENTITY[sdk=iphoneos*]" = "iPhone Developer";
				INFOPLIST_FILE = "Control Fun/Info.plist";
				LD_RUNPATH_SEARCH_PATHS = "$(inherited) @executable_path/Frameworks";
				PRODUCT_BUNDLE_IDENTIFIER = "com.enjoycodes.Control-Fun";
				PRODUCT_NAME = "$(TARGET_NAME)";
				PROVISIONING_PROFILE = "";
				TARGETED_DEVICE_FAMILY = "1,2";
			};
			name = Release;
		};
/* End XCBuildConfiguration section */

/* Begin XCConfigurationList section */
		F06C807A1D1C1515004AF74F /* Build configuration list for PBXProject "Control Fun" */ = {
			isa = XCConfigurationList;
			buildConfigurations = (
				F06C80941D1C1516004AF74F /* Debug */,
				F06C80951D1C1516004AF74F /* Release */,
			);
			defaultConfigurationIsVisible = 0;
			defaultConfigurationName = Release;
		};
		F06C80961D1C1516004AF74F /* Build configuration list for PBXNativeTarget "Control Fun" */ = {
			isa = XCConfigurationList;
			buildConfigurations = (
				F06C80971D1C1516004AF74F /* Debug */,
				F06C80981D1C1516004AF74F /* Release */,
			);
			defaultConfigurationIsVisible = 0;
			defaultConfigurationName = Release;
		};
/* End XCConfigurationList section */
	};
	rootObject = F06C80771D1C1515004AF74F /* Project object */;
}
